
Microsoft Visual Studio Solution File, Format Version 11.00
# Visual C# Express 2010
Project("{FAE04EC0-301F-11D3-BF4B-00C04F79EFBC}") = "SomeGame", "SomeGame\SomeGame\SomeGame.csproj", "{0D539FB8-FA8F-448C-8B4C-832145193D73}"
EndProject
Project("{FAE04EC0-301F-11D3-BF4B-00C04F79EFBC}") = "SomeGameContent", "SomeGame\SomeGameContent\SomeGameContent.contentproj", "{3571183E-D52E-464D-8D19-E2879F379AFE}"
EndProject
Global
	GlobalSection(SolutionConfigurationPlatforms) = preSolution
		Debug|x86 = Debug|x86
		Release|x86 = Release|x86
	EndGlobalSection
	GlobalSection(ProjectConfigurationPlatforms) = postSolution
		{0D539FB8-FA8F-448C-8B4C-832145193D73}.Debug|x86.ActiveCfg = Debug|x86
		{0D539FB8-FA8F-448C-8B4C-832145193D73}.Debug|x86.Build.0 = Debug|x86
		{0D539FB8-FA8F-448C-8B4C-832145193D73}.Release|x86.ActiveCfg = Release|x86
		{0D539FB8-FA8F-448C-8B4C-832145193D73}.Release|x86.Build.0 = Release|x86
		{3571183E-D52E-464D-8D19-E2879F379AFE}.Debug|x86.ActiveCfg = Debug|x86
		{3571183E-D52E-464D-8D19-E2879F379AFE}.Release|x86.ActiveCfg = Release|x86
	EndGlobalSection
	GlobalSection(SolutionProperties) = preSolution
		HideSolutionNode = FALSE
	EndGlobalSection
EndGlobal
